{
  "version": 4,
  "terraform_version": "1.12.2",
  "serial": 9,
  "lineage": "dfd0e263-345d-6115-031f-fc4900077aa2",
  "outputs": {
    "created_file_name": {
      "value": "pre-notes.txt",
      "type": "string"
    },
    "file_content": {
      "value": "Learning Terraform resources and terraform plan",
      "type": "string"
    }
  },
  "resources": [
    {
      "module": "module.local_file",
      "mode": "managed",
      "type": "local_file",
      "name": "course_notes",
      "provider": "provider[\"registry.terraform.io/hashicorp/local\"]",
      "instances": [
        {
          "schema_version": 0,
          "attributes": {
            "content": "Learning Terraform resources and terraform plan",
            "content_base64": null,
            "content_base64sha256": "+m9/WjFNItkMraXIc/KYHJZtCv+dt1yvGUQ/oDOOPK4=",
            "content_base64sha512": "lPw7R92LVZRxHEUEdD3T9ngFEEMrwFpLuheLH+iG3zlZr/VV/2JRAE0UlUPiN1UFsHmHuSbM1bHSmjjwkGfV6g==",
            "content_md5": "a785291bc5f6ecc8e2ace52cd5ff3e66",
            "content_sha1": "3b6f3aa530bc6771ad6e618a1a1da4095e9f20cf",
            "content_sha256": "fa6f7f5a314d22d90cada5c873f2981c966d0aff9db75caf19443fa0338e3cae",
            "content_sha512": "94fc3b47dd8b5594711c4504743dd3f6780510432bc05a4bba178b1fe886df3959aff555ff6251004d149543e2375505b07987b926ccd5b1d29a38f09067d5ea",
            "directory_permission": "0777",
            "file_permission": "0777",
            "filename": "pre-notes.txt",
            "id": "3b6f3aa530bc6771ad6e618a1a1da4095e9f20cf",
            "sensitive_content": null,
            "source": null
          },
          "sensitive_attributes": [
            [
              {
                "type": "get_attr",
                "value": "sensitive_content"
              }
            ]
          ],
          "identity_schema_version": 0
        }
      ]
    }
  ],
  "check_results": null
}
